# This file is automatically @generated by Wally.
# It is not intended for manual editing.
registry = "test"

[[package]]
name = "acecateer/dumpster"
version = "0.3.8"
dependencies = []

[[package]]
name = "evaera/promise"
version = "4.0.0"
dependencies = []

[[package]]
name = "littensy/charm"
version = "0.10.0"
dependencies = []

[[package]]
name = "littensy/ripple"
version = "0.9.3"
dependencies = [["Promise", "evaera/promise@4.0.0"]]

[[package]]
name = "whimco/quirk-ui"
version = "0.1.0"
dependencies = [["charm", "littensy/charm@0.10.0"], ["dumpster", "acecateer/dumpster@0.3.8"], ["ripple", "littensy/ripple@0.9.3"]]
